<?xml version="1.0" encoding="utf-8"?>
<Project ToolsVersion="4.0" xmlns="http://schemas.microsoft.com/developer/msbuild/2003">
  <ItemGroup>
    <Filter Include="Source Files">
      <UniqueIdentifier>{4FC737F1-C7A5-4376-A066-2A32D752A2FF}</UniqueIdentifier>
      <Extensions>cpp;c;cc;cxx;def;odl;idl;hpj;bat;asm;asmx</Extensions>
    </Filter>
    <Filter Include="Header Files">
      <UniqueIdentifier>{93995380-89BD-4b04-88EB-625FBE52EBFB}</UniqueIdentifier>
      <Extensions>h;hh;hpp;hxx;hm;inl;inc;ipp;xsd</Extensions>
    </Filter>
    <Filter Include="Resource Files">
      <UniqueIdentifier>{67DA6AB6-F800-4c08-8B7A-83BB121AAD01}</UniqueIdentifier>
      <Extensions>rc;ico;cur;bmp;dlg;rc2;rct;bin;rgs;gif;jpg;jpeg;jpe;resx;tiff;tif;png;wav;mfcribbon-ms</Extensions>
    </Filter>
    <Filter Include="Header Files\NPCs">
      <UniqueIdentifier>{6cb15a33-d658-4769-81a8-9f769fd2bdd9}</UniqueIdentifier>
    </Filter>
    <Filter Include="Header Files\Areas">
      <UniqueIdentifier>{3e4f84b2-52eb-47c0-b6f5-c72b4e8d48d6}</UniqueIdentifier>
    </Filter>
    <Filter Include="Header Files\Items">
      <UniqueIdentifier>{4d77dfd6-cbce-450f-afeb-866cd8ab990a}</UniqueIdentifier>
    </Filter>
    <Filter Include="Source Files\Areas">
      <UniqueIdentifier>{c6515229-895f-4999-8c6b-976807b637f4}</UniqueIdentifier>
    </Filter>
    <Filter Include="Source Files\NPCs">
      <UniqueIdentifier>{2189b738-a97a-496e-af89-d2c6c294354b}</UniqueIdentifier>
    </Filter>
    <Filter Include="Source Files\Items">
      <UniqueIdentifier>{30500c9b-1c52-48f4-80c4-db50ae6f06d4}</UniqueIdentifier>
    </Filter>
    <Filter Include="Header Files\NewFilter1">
      <UniqueIdentifier>{71959a88-1c28-4fe8-a221-ca7b0562aeb9}</UniqueIdentifier>
    </Filter>
  </ItemGroup>
  <ItemGroup>
    <ClCompile Include="character.cpp">
      <Filter>Source Files</Filter>
    </ClCompile>
    <ClCompile Include="game.cpp">
      <Filter>Source Files</Filter>
    </ClCompile>
    <ClCompile Include="area.cpp">
      <Filter>Source Files</Filter>
    </ClCompile>
    <ClCompile Include="NPC.cpp">
      <Filter>Source Files</Filter>
    </ClCompile>
    <ClCompile Include="main.cpp">
      <Filter>Source Files</Filter>
    </ClCompile>
    <ClCompile Include="player.cpp">
      <Filter>Source Files</Filter>
    </ClCompile>
    <ClCompile Include="inputoutput.cpp">
      <Filter>Source Files</Filter>
    </ClCompile>
    <ClCompile Include="item.cpp">
      <Filter>Source Files</Filter>
    </ClCompile>
    <ClCompile Include="game_progress.cpp">
      <Filter>Source Files</Filter>
    </ClCompile>
    <ClCompile Include="alchemist.cpp">
      <Filter>Source Files\NPCs</Filter>
    </ClCompile>
    <ClCompile Include="blacksmith.cpp">
      <Filter>Source Files\NPCs</Filter>
    </ClCompile>
    <ClCompile Include="dairy_farmer.cpp">
      <Filter>Source Files\NPCs</Filter>
    </ClCompile>
    <ClCompile Include="demon_king.cpp">
      <Filter>Source Files\NPCs</Filter>
    </ClCompile>
    <ClCompile Include="dog_lady.cpp">
      <Filter>Source Files\NPCs</Filter>
    </ClCompile>
    <ClCompile Include="librarian.cpp">
      <Filter>Source Files\NPCs</Filter>
    </ClCompile>
    <ClCompile Include="locksmith.cpp">
      <Filter>Source Files\NPCs</Filter>
    </ClCompile>
    <ClCompile Include="skeleton.cpp">
      <Filter>Source Files\NPCs</Filter>
    </ClCompile>
    <ClCompile Include="vampire.cpp">
      <Filter>Source Files\NPCs</Filter>
    </ClCompile>
    <ClCompile Include="boss_room.cpp">
      <Filter>Source Files\Areas</Filter>
    </ClCompile>
    <ClCompile Include="forest.cpp">
      <Filter>Source Files\Areas</Filter>
    </ClCompile>
    <ClCompile Include="skeleton_room.cpp">
      <Filter>Source Files\Areas</Filter>
    </ClCompile>
    <ClCompile Include="vampire_room.cpp">
      <Filter>Source Files\Areas</Filter>
    </ClCompile>
    <ClCompile Include="village.cpp">
      <Filter>Source Files\Areas</Filter>
    </ClCompile>
    <ClCompile Include="village_outskirts.cpp">
      <Filter>Source Files\Areas</Filter>
    </ClCompile>
    <ClCompile Include="book.cpp">
      <Filter>Source Files\Items</Filter>
    </ClCompile>
    <ClCompile Include="bookmark.cpp">
      <Filter>Source Files\Items</Filter>
    </ClCompile>
    <ClCompile Include="key.cpp">
      <Filter>Source Files\Items</Filter>
    </ClCompile>
    <ClCompile Include="potion.cpp">
      <Filter>Source Files\Items</Filter>
    </ClCompile>
    <ClCompile Include="shield.cpp">
      <Filter>Source Files\Items</Filter>
    </ClCompile>
    <ClCompile Include="sword.cpp">
      <Filter>Source Files\Items</Filter>
    </ClCompile>
    <ClCompile Include="longsword.cpp">
      <Filter>Source Files\Items</Filter>
    </ClCompile>
    <ClCompile Include="combat_handler.cpp">
      <Filter>Source Files</Filter>
    </ClCompile>
    <ClCompile Include="Enemy.cpp">
      <Filter>Source Files</Filter>
    </ClCompile>
    <ClCompile Include="shaman.cpp">
      <Filter>Source Files\NPCs</Filter>
    </ClCompile>
    <ClCompile Include="demon_slayer.cpp">
      <Filter>Source Files</Filter>
    </ClCompile>
  </ItemGroup>
  <ItemGroup>
    <ClInclude Include="character.h">
      <Filter>Header Files</Filter>
    </ClInclude>
    <ClInclude Include="game.h">
      <Filter>Header Files</Filter>
    </ClInclude>
    <ClInclude Include="area.h">
      <Filter>Header Files</Filter>
    </ClInclude>
    <ClInclude Include="NPC.h">
      <Filter>Header Files</Filter>
    </ClInclude>
    <ClInclude Include="player.h">
      <Filter>Header Files</Filter>
    </ClInclude>
    <ClInclude Include="inputoutput.h">
      <Filter>Header Files</Filter>
    </ClInclude>
    <ClInclude Include="item.h">
      <Filter>Header Files</Filter>
    </ClInclude>
    <ClInclude Include="game_progress.h">
      <Filter>Header Files</Filter>
    </ClInclude>
    <ClInclude Include="alchemist.h">
      <Filter>Header Files\NPCs</Filter>
    </ClInclude>
    <ClInclude Include="blacksmith.h">
      <Filter>Header Files\NPCs</Filter>
    </ClInclude>
    <ClInclude Include="dairy_farmer.h">
      <Filter>Header Files\NPCs</Filter>
    </ClInclude>
    <ClInclude Include="demon_king.h">
      <Filter>Header Files\NPCs</Filter>
    </ClInclude>
    <ClInclude Include="dog_lady.h">
      <Filter>Header Files\NPCs</Filter>
    </ClInclude>
    <ClInclude Include="librarian.h">
      <Filter>Header Files\NPCs</Filter>
    </ClInclude>
    <ClInclude Include="locksmith.h">
      <Filter>Header Files\NPCs</Filter>
    </ClInclude>
    <ClInclude Include="skeleton.h">
      <Filter>Header Files\NPCs</Filter>
    </ClInclude>
    <ClInclude Include="vampire.h">
      <Filter>Header Files\NPCs</Filter>
    </ClInclude>
    <ClInclude Include="boss_room.h">
      <Filter>Header Files\Areas</Filter>
    </ClInclude>
    <ClInclude Include="forest.h">
      <Filter>Header Files\Areas</Filter>
    </ClInclude>
    <ClInclude Include="skeleton_room.h">
      <Filter>Header Files\Areas</Filter>
    </ClInclude>
    <ClInclude Include="vampire_room.h">
      <Filter>Header Files\Areas</Filter>
    </ClInclude>
    <ClInclude Include="village.h">
      <Filter>Header Files\Areas</Filter>
    </ClInclude>
    <ClInclude Include="village_outskirts.h">
      <Filter>Header Files\Areas</Filter>
    </ClInclude>
    <ClInclude Include="shield.h">
      <Filter>Header Files\Items</Filter>
    </ClInclude>
    <ClInclude Include="sword.h">
      <Filter>Header Files\Items</Filter>
    </ClInclude>
    <ClInclude Include="potion.h">
      <Filter>Header Files\Items</Filter>
    </ClInclude>
    <ClInclude Include="key.h">
      <Filter>Header Files\Items</Filter>
    </ClInclude>
    <ClInclude Include="bookmark.h">
      <Filter>Header Files\Items</Filter>
    </ClInclude>
    <ClInclude Include="book.h">
      <Filter>Header Files\Items</Filter>
    </ClInclude>
    <ClInclude Include="longsword.h">
      <Filter>Header Files\Items</Filter>
    </ClInclude>
    <ClInclude Include="combat_handler.h">
      <Filter>Header Files</Filter>
    </ClInclude>
    <ClInclude Include="Enemy.h">
      <Filter>Header Files</Filter>
    </ClInclude>
    <ClInclude Include="shaman.h">
      <Filter>Header Files\NPCs</Filter>
    </ClInclude>
    <ClInclude Include="demon_slayer.h">
      <Filter>Header Files\Items</Filter>
    </ClInclude>
  </ItemGroup>
</Project>